
Microsoft Visual Studio Solution File, Format Version 12.00
# Visual Studio Version 16
VisualStudioVersion = 16.0.30907.101
MinimumVisualStudioVersion = 10.0.40219.1
Project("{9A19103F-16F7-4668-BE54-9A1E7A4F7556}") = "OOPBasics", "OOPBasics\OOPBasics.csproj", "{EACF116E-3E2A-46D6-AD01-83265EF59E3F}"
EndProject
Project("{9A19103F-16F7-4668-BE54-9A1E7A4F7556}") = "Collections", "Collections\Collections.csproj", "{8FA9BAC5-01FD-453C-ACA1-2F84DBE4FA3C}"
EndProject
Project("{9A19103F-16F7-4668-BE54-9A1E7A4F7556}") = "GenericsIntro", "GenericsIntro\GenericsIntro.csproj", "{FA401FE2-8097-4282-B0BB-44549AE52F54}"
EndProject
Project("{9A19103F-16F7-4668-BE54-9A1E7A4F7556}") = "OOPBasics2", "OOPBasics2\OOPBasics2.csproj", "{5ABFDF5C-DCC4-41A3-B12F-FED49CF8E815}"
EndProject
Project("{9A19103F-16F7-4668-BE54-9A1E7A4F7556}") = "OOPBasics3", "OOPBasics3\OOPBasics3.csproj", "{5F432E96-7B02-45C2-8E65-BD5988DDA7DD}"
EndProject
Project("{FAE04EC0-301F-11D3-BF4B-00C04F79EFBC}") = "GameProject", "GameProject\GameProject.csproj", "{5A012107-7CEE-41CD-9013-2D897D9E4039}"
EndProject
Global
	GlobalSection(SolutionConfigurationPlatforms) = preSolution
		Debug|Any CPU = Debug|Any CPU
		Release|Any CPU = Release|Any CPU
	EndGlobalSection
	GlobalSection(ProjectConfigurationPlatforms) = postSolution
		{EACF116E-3E2A-46D6-AD01-83265EF59E3F}.Debug|Any CPU.ActiveCfg = Debug|Any CPU
		{EACF116E-3E2A-46D6-AD01-83265EF59E3F}.Debug|Any CPU.Build.0 = Debug|Any CPU
		{EACF116E-3E2A-46D6-AD01-83265EF59E3F}.Release|Any CPU.ActiveCfg = Release|Any CPU
		{EACF116E-3E2A-46D6-AD01-83265EF59E3F}.Release|Any CPU.Build.0 = Release|Any CPU
		{8FA9BAC5-01FD-453C-ACA1-2F84DBE4FA3C}.Debug|Any CPU.ActiveCfg = Debug|Any CPU
		{8FA9BAC5-01FD-453C-ACA1-2F84DBE4FA3C}.Debug|Any CPU.Build.0 = Debug|Any CPU
		{8FA9BAC5-01FD-453C-ACA1-2F84DBE4FA3C}.Release|Any CPU.ActiveCfg = Release|Any CPU
		{8FA9BAC5-01FD-453C-ACA1-2F84DBE4FA3C}.Release|Any CPU.Build.0 = Release|Any CPU
		{FA401FE2-8097-4282-B0BB-44549AE52F54}.Debug|Any CPU.ActiveCfg = Debug|Any CPU
		{FA401FE2-8097-4282-B0BB-44549AE52F54}.Debug|Any CPU.Build.0 = Debug|Any CPU
		{FA401FE2-8097-4282-B0BB-44549AE52F54}.Release|Any CPU.ActiveCfg = Release|Any CPU
		{FA401FE2-8097-4282-B0BB-44549AE52F54}.Release|Any CPU.Build.0 = Release|Any CPU
		{5ABFDF5C-DCC4-41A3-B12F-FED49CF8E815}.Debug|Any CPU.ActiveCfg = Debug|Any CPU
		{5ABFDF5C-DCC4-41A3-B12F-FED49CF8E815}.Debug|Any CPU.Build.0 = Debug|Any CPU
		{5ABFDF5C-DCC4-41A3-B12F-FED49CF8E815}.Release|Any CPU.ActiveCfg = Release|Any CPU
		{5ABFDF5C-DCC4-41A3-B12F-FED49CF8E815}.Release|Any CPU.Build.0 = Release|Any CPU
		{5F432E96-7B02-45C2-8E65-BD5988DDA7DD}.Debug|Any CPU.ActiveCfg = Debug|Any CPU
		{5F432E96-7B02-45C2-8E65-BD5988DDA7DD}.Debug|Any CPU.Build.0 = Debug|Any CPU
		{5F432E96-7B02-45C2-8E65-BD5988DDA7DD}.Release|Any CPU.ActiveCfg = Release|Any CPU
		{5F432E96-7B02-45C2-8E65-BD5988DDA7DD}.Release|Any CPU.Build.0 = Release|Any CPU
		{5A012107-7CEE-41CD-9013-2D897D9E4039}.Debug|Any CPU.ActiveCfg = Debug|Any CPU
		{5A012107-7CEE-41CD-9013-2D897D9E4039}.Debug|Any CPU.Build.0 = Debug|Any CPU
		{5A012107-7CEE-41CD-9013-2D897D9E4039}.Release|Any CPU.ActiveCfg = Release|Any CPU
		{5A012107-7CEE-41CD-9013-2D897D9E4039}.Release|Any CPU.Build.0 = Release|Any CPU
	EndGlobalSection
	GlobalSection(SolutionProperties) = preSolution
		HideSolutionNode = FALSE
	EndGlobalSection
	GlobalSection(ExtensibilityGlobals) = postSolution
		SolutionGuid = {893FB2FF-26A9-4DE0-AC91-886A37C2557E}
	EndGlobalSection
EndGlobal
